// !$*UTF8*$!
{
	archiveVersion = 1;
	classes = {
	};
	objectVersion = 46;
	objects = {

/* Begin PBXBuildFile section */
		18195346156898CD007789CC /* help.html in Resources */ = {isa = PBXBuildFile; fileRef = 18195345156898CB007789CC /* help.html */; };
		181953561569B2F2007789CC /* 179-notepad.png in Resources */ = {isa = PBXBuildFile; fileRef = 181953541569B2F1007789CC /* 179-notepad.png */; };
		181953571569B2F2007789CC /* 179-notepad@2x.png in Resources */ = {isa = PBXBuildFile; fileRef = 181953551569B2F2007789CC /* 179-notepad@2x.png */; };
		1819535D1569B77F007789CC /* QuartzCore.framework in Frameworks */ = {isa = PBXBuildFile; fileRef = 1819535C1569B77E007789CC /* QuartzCore.framework */; };
		1831E9A414EDDF4000265800 /* MAMatrixRow.m in Sources */ = {isa = PBXBuildFile; fileRef = 1831E9A314EDDF4000265800 /* MAMatrixRow.m */; };
		184D9A0B14E8B787008E0D11 /* MAVariableCell.m in Sources */ = {isa = PBXBuildFile; fileRef = 184D9A0A14E8B786008E0D11 /* MAVariableCell.m */; };
		184D9A0E14E8B8F3008E0D11 /* MAVariableCell.xib in Resources */ = {isa = PBXBuildFile; fileRef = 184D9A0D14E8B8F3008E0D11 /* MAVariableCell.xib */; };
		1855E5FD171525CA00C151CD /* MAUtil.m in Sources */ = {isa = PBXBuildFile; fileRef = 1855E5FC171525CA00C151CD /* MAUtil.m */; };
		1873F801150D5D03005B2735 /* MAFilePaths.m in Sources */ = {isa = PBXBuildFile; fileRef = 1873F800150D5D03005B2735 /* MAFilePaths.m */; };
		187472F714FEF8A1008028D0 /* Random_Number.cpp in Sources */ = {isa = PBXBuildFile; fileRef = 187472E914FEF8A1008028D0 /* Random_Number.cpp */; };
		187472F914FEF8A1008028D0 /* util.cpp in Sources */ = {isa = PBXBuildFile; fileRef = 187472F114FEF8A1008028D0 /* util.cpp */; };
		1874730D14FEF8E7008028D0 /* Linear_Algebra.cpp in Sources */ = {isa = PBXBuildFile; fileRef = 187472FD14FEF8E7008028D0 /* Linear_Algebra.cpp */; };
		1874730E14FEF8E7008028D0 /* Matrix.cpp in Sources */ = {isa = PBXBuildFile; fileRef = 187472FF14FEF8E7008028D0 /* Matrix.cpp */; };
		1874730F14FEF8E7008028D0 /* Matrix_Region.cpp in Sources */ = {isa = PBXBuildFile; fileRef = 1874730214FEF8E7008028D0 /* Matrix_Region.cpp */; };
		1874731314FEF920008028D0 /* MatrixWrap.mm in Sources */ = {isa = PBXBuildFile; fileRef = 1874731214FEF920008028D0 /* MatrixWrap.mm */; };
		18747316150450AA008028D0 /* MAMatrixView.m in Sources */ = {isa = PBXBuildFile; fileRef = 18747315150450A9008028D0 /* MAMatrixView.m */; };
		1885304615325C3C00C15C1B /* MASettings.m in Sources */ = {isa = PBXBuildFile; fileRef = 1885304515325C3C00C15C1B /* MASettings.m */; };
		189AA00717E4C9410075DD22 /* Default-568h@2x.png in Resources */ = {isa = PBXBuildFile; fileRef = 189A9FEA17E4C9410075DD22 /* Default-568h@2x.png */; };
		189AA00817E4C9410075DD22 /* Default-Landscape@2x~ipad.png in Resources */ = {isa = PBXBuildFile; fileRef = 189A9FEB17E4C9410075DD22 /* Default-Landscape@2x~ipad.png */; };
		189AA00917E4C9410075DD22 /* Default-Landscape~ipad.png in Resources */ = {isa = PBXBuildFile; fileRef = 189A9FEC17E4C9410075DD22 /* Default-Landscape~ipad.png */; };
		189AA00A17E4C9410075DD22 /* Default-Portrait@2x~ipad.png in Resources */ = {isa = PBXBuildFile; fileRef = 189A9FED17E4C9410075DD22 /* Default-Portrait@2x~ipad.png */; };
		189AA00B17E4C9410075DD22 /* Default-Portrait~ipad.png in Resources */ = {isa = PBXBuildFile; fileRef = 189A9FEE17E4C9410075DD22 /* Default-Portrait~ipad.png */; };
		189AA00C17E4C9410075DD22 /* Default.png in Resources */ = {isa = PBXBuildFile; fileRef = 189A9FEF17E4C9410075DD22 /* Default.png */; };
		189AA00D17E4C9410075DD22 /* Default@2x.png in Resources */ = {isa = PBXBuildFile; fileRef = 189A9FF017E4C9410075DD22 /* Default@2x.png */; };
		189AA00E17E4C9410075DD22 /* Default-Landscape_ios7@2x~ipad.png in Resources */ = {isa = PBXBuildFile; fileRef = 189A9FF217E4C9410075DD22 /* Default-Landscape_ios7@2x~ipad.png */; };
		189AA00F17E4C9410075DD22 /* Default-Landscape_ios7~ipad.png in Resources */ = {isa = PBXBuildFile; fileRef = 189A9FF317E4C9410075DD22 /* Default-Landscape_ios7~ipad.png */; };
		189AA01017E4C9410075DD22 /* Default-Portrait_ios7@2x~ipad.png in Resources */ = {isa = PBXBuildFile; fileRef = 189A9FF417E4C9410075DD22 /* Default-Portrait_ios7@2x~ipad.png */; };
		189AA01117E4C9410075DD22 /* Default-Portrait_ios7~ipad.png in Resources */ = {isa = PBXBuildFile; fileRef = 189A9FF517E4C9410075DD22 /* Default-Portrait_ios7~ipad.png */; };
		189AA01217E4C9410075DD22 /* Default_ios7-568h@2x.png in Resources */ = {isa = PBXBuildFile; fileRef = 189A9FF617E4C9410075DD22 /* Default_ios7-568h@2x.png */; };
		189AA01317E4C9410075DD22 /* Default_ios7@2x.png in Resources */ = {isa = PBXBuildFile; fileRef = 189A9FF717E4C9410075DD22 /* Default_ios7@2x.png */; };
		189AA01417E4C9410075DD22 /* AppIcon_100x100.png in Resources */ = {isa = PBXBuildFile; fileRef = 189A9FF917E4C9410075DD22 /* AppIcon_100x100.png */; };
		189AA01517E4C9410075DD22 /* AppIcon_114x114.png in Resources */ = {isa = PBXBuildFile; fileRef = 189A9FFA17E4C9410075DD22 /* AppIcon_114x114.png */; };
		189AA01617E4C9410075DD22 /* AppIcon_120x120.png in Resources */ = {isa = PBXBuildFile; fileRef = 189A9FFB17E4C9410075DD22 /* AppIcon_120x120.png */; };
		189AA01717E4C9410075DD22 /* AppIcon_144x144.png in Resources */ = {isa = PBXBuildFile; fileRef = 189A9FFC17E4C9410075DD22 /* AppIcon_144x144.png */; };
		189AA01817E4C9410075DD22 /* AppIcon_152x152.png in Resources */ = {isa = PBXBuildFile; fileRef = 189A9FFD17E4C9410075DD22 /* AppIcon_152x152.png */; };
		189AA01917E4C9410075DD22 /* AppIcon_29x29.png in Resources */ = {isa = PBXBuildFile; fileRef = 189A9FFE17E4C9410075DD22 /* AppIcon_29x29.png */; };
		189AA01A17E4C9410075DD22 /* AppIcon_40x40.png in Resources */ = {isa = PBXBuildFile; fileRef = 189A9FFF17E4C9410075DD22 /* AppIcon_40x40.png */; };
		189AA01B17E4C9410075DD22 /* AppIcon_50x50.png in Resources */ = {isa = PBXBuildFile; fileRef = 189AA00017E4C9410075DD22 /* AppIcon_50x50.png */; };
		189AA01C17E4C9410075DD22 /* AppIcon_57x57.png in Resources */ = {isa = PBXBuildFile; fileRef = 189AA00117E4C9410075DD22 /* AppIcon_57x57.png */; };
		189AA01D17E4C9410075DD22 /* AppIcon_58x58.png in Resources */ = {isa = PBXBuildFile; fileRef = 189AA00217E4C9410075DD22 /* AppIcon_58x58.png */; };
		189AA01E17E4C9410075DD22 /* AppIcon_72x72.png in Resources */ = {isa = PBXBuildFile; fileRef = 189AA00317E4C9410075DD22 /* AppIcon_72x72.png */; };
		189AA01F17E4C9410075DD22 /* AppIcon_76x76.png in Resources */ = {isa = PBXBuildFile; fileRef = 189AA00417E4C9410075DD22 /* AppIcon_76x76.png */; };
		189AA02017E4C9410075DD22 /* AppIcon_80x80.png in Resources */ = {isa = PBXBuildFile; fileRef = 189AA00517E4C9410075DD22 /* AppIcon_80x80.png */; };
		18B1701C1DD53DFD001FFF1F /* Images.xcassets in Resources */ = {isa = PBXBuildFile; fileRef = 18B1701B1DD53DFD001FFF1F /* Images.xcassets */; };
		18B1701F1DD6683E001FFF1F /* MAAlertWrapper.m in Sources */ = {isa = PBXBuildFile; fileRef = 18B1701E1DD6683E001FFF1F /* MAAlertWrapper.m */; };
		18B170221DD66877001FFF1F /* MADeviceUtil.m in Sources */ = {isa = PBXBuildFile; fileRef = 18B170211DD66877001FFF1F /* MADeviceUtil.m */; };
		18B170251DD6689B001FFF1F /* UIAlertController+Show.m in Sources */ = {isa = PBXBuildFile; fileRef = 18B170241DD6689B001FFF1F /* UIAlertController+Show.m */; };
		18C9A37215255ABB0090E51C /* All_Functions.cpp in Sources */ = {isa = PBXBuildFile; fileRef = 18C9A35F15255ABB0090E51C /* All_Functions.cpp */; };
		18C9A37415255ABB0090E51C /* All_Operators.cpp in Sources */ = {isa = PBXBuildFile; fileRef = 18C9A36215255ABB0090E51C /* All_Operators.cpp */; };
		18C9A37715255ABB0090E51C /* Expression_Evaluator.cpp in Sources */ = {isa = PBXBuildFile; fileRef = 18C9A36615255ABB0090E51C /* Expression_Evaluator.cpp */; };
		18C9A38215255BC30090E51C /* ExpressionWrap.mm in Sources */ = {isa = PBXBuildFile; fileRef = 18C9A38115255BC30090E51C /* ExpressionWrap.mm */; };
		18CD0AEF14CBD44A007CD37F /* UIKit.framework in Frameworks */ = {isa = PBXBuildFile; fileRef = 18CD0AEE14CBD44A007CD37F /* UIKit.framework */; };
		18CD0AF114CBD44A007CD37F /* Foundation.framework in Frameworks */ = {isa = PBXBuildFile; fileRef = 18CD0AF014CBD44A007CD37F /* Foundation.framework */; };
		18CD0AF314CBD44A007CD37F /* CoreGraphics.framework in Frameworks */ = {isa = PBXBuildFile; fileRef = 18CD0AF214CBD44A007CD37F /* CoreGraphics.framework */; };
		18CD0AF914CBD44A007CD37F /* InfoPlist.strings in Resources */ = {isa = PBXBuildFile; fileRef = 18CD0AF714CBD44A007CD37F /* InfoPlist.strings */; };
		18CD0AFB14CBD44A007CD37F /* main.m in Sources */ = {isa = PBXBuildFile; fileRef = 18CD0AFA14CBD44A007CD37F /* main.m */; };
		18CD0AFF14CBD44A007CD37F /* MAAppDelegate.m in Sources */ = {isa = PBXBuildFile; fileRef = 18CD0AFE14CBD44A007CD37F /* MAAppDelegate.m */; };
		18CD0B0D14CBD561007CD37F /* MAVariablesViewController.m in Sources */ = {isa = PBXBuildFile; fileRef = 18CD0B0B14CBD561007CD37F /* MAVariablesViewController.m */; };
		18CD0B0E14CBD561007CD37F /* MAVariablesViewController.xib in Resources */ = {isa = PBXBuildFile; fileRef = 18CD0B0C14CBD561007CD37F /* MAVariablesViewController.xib */; };
		18CD0B1214CBD58F007CD37F /* MAEditorViewController.m in Sources */ = {isa = PBXBuildFile; fileRef = 18CD0B1014CBD58F007CD37F /* MAEditorViewController.m */; };
		18CD0B1314CBD58F007CD37F /* MAEditorViewController.xib in Resources */ = {isa = PBXBuildFile; fileRef = 18CD0B1114CBD58F007CD37F /* MAEditorViewController.xib */; };
		18CD0B1714CBD5BD007CD37F /* MAExpressionsViewController.m in Sources */ = {isa = PBXBuildFile; fileRef = 18CD0B1514CBD5BD007CD37F /* MAExpressionsViewController.m */; };
		18CD0B1814CBD5BD007CD37F /* MAExpressionsViewController.xib in Resources */ = {isa = PBXBuildFile; fileRef = 18CD0B1614CBD5BD007CD37F /* MAExpressionsViewController.xib */; };
		18CD0B1C14CBD5F2007CD37F /* MASettingsViewController.m in Sources */ = {isa = PBXBuildFile; fileRef = 18CD0B1A14CBD5F2007CD37F /* MASettingsViewController.m */; };
		18CD0B1D14CBD5F2007CD37F /* MASettingsViewController.xib in Resources */ = {isa = PBXBuildFile; fileRef = 18CD0B1B14CBD5F2007CD37F /* MASettingsViewController.xib */; };
		18CD0B1F14CBE017007CD37F /* TabBarController.xib in Resources */ = {isa = PBXBuildFile; fileRef = 18CD0B1E14CBE017007CD37F /* TabBarController.xib */; };
		18DCFCE5155CB3A00023D9F7 /* 161-calculator.png in Resources */ = {isa = PBXBuildFile; fileRef = 18DCFCE3155CB3A00023D9F7 /* 161-calculator.png */; };
		18DCFCE6155CB3A00023D9F7 /* 161-calculator@2x.png in Resources */ = {isa = PBXBuildFile; fileRef = 18DCFCE4155CB3A00023D9F7 /* 161-calculator@2x.png */; };
		18DCFCF2155CB4C30023D9F7 /* 259-list.png in Resources */ = {isa = PBXBuildFile; fileRef = 18DCFCF0155CB4C30023D9F7 /* 259-list.png */; };
		18DCFCF3155CB4C30023D9F7 /* 259-list@2x.png in Resources */ = {isa = PBXBuildFile; fileRef = 18DCFCF1155CB4C30023D9F7 /* 259-list@2x.png */; };
		18DCFD06155CB9220023D9F7 /* 216-compose.png in Resources */ = {isa = PBXBuildFile; fileRef = 18DCFD04155CB9220023D9F7 /* 216-compose.png */; };
		18DCFD07155CB9220023D9F7 /* 216-compose@2x.png in Resources */ = {isa = PBXBuildFile; fileRef = 18DCFD05155CB9220023D9F7 /* 216-compose@2x.png */; };
/* End PBXBuildFile section */

/* Begin PBXFileReference section */
		18195345156898CB007789CC /* help.html */ = {isa = PBXFileReference; fileEncoding = 4; lastKnownFileType = text.html; path = help.html; sourceTree = "<group>"; };
		181953541569B2F1007789CC /* 179-notepad.png */ = {isa = PBXFileReference; lastKnownFileType = image.png; path = "179-notepad.png"; sourceTree = "<group>"; };
		181953551569B2F2007789CC /* 179-notepad@2x.png */ = {isa = PBXFileReference; lastKnownFileType = image.png; path = "179-notepad@2x.png"; sourceTree = "<group>"; };
		1819535C1569B77E007789CC /* QuartzCore.framework */ = {isa = PBXFileReference; lastKnownFileType = wrapper.framework; name = QuartzCore.framework; path = System/Library/Frameworks/QuartzCore.framework; sourceTree = SDKROOT; };
		1831E9A214EDDF4000265800 /* MAMatrixRow.h */ = {isa = PBXFileReference; fileEncoding = 4; lastKnownFileType = sourcecode.c.h; name = MAMatrixRow.h; path = ../MAMatrixRow.h; sourceTree = "<group>"; };
		1831E9A314EDDF4000265800 /* MAMatrixRow.m */ = {isa = PBXFileReference; fileEncoding = 4; lastKnownFileType = sourcecode.c.objc; name = MAMatrixRow.m; path = ../MAMatrixRow.m; sourceTree = "<group>"; };
		184D9A0914E8B786008E0D11 /* MAVariableCell.h */ = {isa = PBXFileReference; fileEncoding = 4; lastKnownFileType = sourcecode.c.h; path = MAVariableCell.h; sourceTree = "<group>"; };
		184D9A0A14E8B786008E0D11 /* MAVariableCell.m */ = {isa = PBXFileReference; fileEncoding = 4; lastKnownFileType = sourcecode.c.objc; path = MAVariableCell.m; sourceTree = "<group>"; };
		184D9A0D14E8B8F3008E0D11 /* MAVariableCell.xib */ = {isa = PBXFileReference; fileEncoding = 4; lastKnownFileType = file.xib; path = MAVariableCell.xib; sourceTree = "<group>"; };
		1855E5D81713D29E00C151CD /* Description.txt */ = {isa = PBXFileReference; fileEncoding = 4; lastKnownFileType = text; path = Description.txt; sourceTree = "<group>"; };
		1855E5DA1713D34E00C151CD /* AppIcon - Radial Gradient.html */ = {isa = PBXFileReference; fileEncoding = 4; lastKnownFileType = text.html; path = "AppIcon - Radial Gradient.html"; sourceTree = "<group>"; };
		1855E5E21713D51100C151CD /* Screenshot_1.png */ = {isa = PBXFileReference; lastKnownFileType = image.png; path = Screenshot_1.png; sourceTree = "<group>"; };
		1855E5E31713D51100C151CD /* Screenshot_2.png */ = {isa = PBXFileReference; lastKnownFileType = image.png; path = Screenshot_2.png; sourceTree = "<group>"; };
		1855E5E41713D51100C151CD /* Screenshot_3.png */ = {isa = PBXFileReference; lastKnownFileType = image.png; path = Screenshot_3.png; sourceTree = "<group>"; };
		1855E5E51713D51100C151CD /* Screenshot_4.png */ = {isa = PBXFileReference; lastKnownFileType = image.png; path = Screenshot_4.png; sourceTree = "<group>"; };
		1855E5E71713D51100C151CD /* Screenshot_1.png */ = {isa = PBXFileReference; lastKnownFileType = image.png; path = Screenshot_1.png; sourceTree = "<group>"; };
		1855E5E81713D51100C151CD /* Screenshot_2.png */ = {isa = PBXFileReference; lastKnownFileType = image.png; path = Screenshot_2.png; sourceTree = "<group>"; };
		1855E5E91713D51100C151CD /* Screenshot_3.png */ = {isa = PBXFileReference; lastKnownFileType = image.png; path = Screenshot_3.png; sourceTree = "<group>"; };
		1855E5EA1713D51100C151CD /* Screenshot_4.png */ = {isa = PBXFileReference; lastKnownFileType = image.png; path = Screenshot_4.png; sourceTree = "<group>"; };
		1855E5F41713D5BF00C151CD /* Large App Icon.png */ = {isa = PBXFileReference; lastKnownFileType = image.png; path = "Large App Icon.png"; sourceTree = "<group>"; };
		1855E5FB171525C900C151CD /* MAUtil.h */ = {isa = PBXFileReference; fileEncoding = 4; lastKnownFileType = sourcecode.c.h; path = MAUtil.h; sourceTree = "<group>"; };
		1855E5FC171525CA00C151CD /* MAUtil.m */ = {isa = PBXFileReference; fileEncoding = 4; lastKnownFileType = sourcecode.c.objc; path = MAUtil.m; sourceTree = "<group>"; };
		1873F7FF150D5D03005B2735 /* MAFilePaths.h */ = {isa = PBXFileReference; fileEncoding = 4; lastKnownFileType = sourcecode.c.h; path = MAFilePaths.h; sourceTree = "<group>"; };
		1873F800150D5D03005B2735 /* MAFilePaths.m */ = {isa = PBXFileReference; fileEncoding = 4; lastKnownFileType = sourcecode.c.objc; path = MAFilePaths.m; sourceTree = "<group>"; };
		187472E914FEF8A1008028D0 /* Random_Number.cpp */ = {isa = PBXFileReference; fileEncoding = 4; lastKnownFileType = sourcecode.cpp.cpp; path = Random_Number.cpp; sourceTree = "<group>"; };
		187472EA14FEF8A1008028D0 /* Random_Number.hpp */ = {isa = PBXFileReference; fileEncoding = 4; lastKnownFileType = sourcecode.cpp.h; path = Random_Number.hpp; sourceTree = "<group>"; };
		187472F114FEF8A1008028D0 /* util.cpp */ = {isa = PBXFileReference; fileEncoding = 4; lastKnownFileType = sourcecode.cpp.cpp; path = util.cpp; sourceTree = "<group>"; };
		187472F214FEF8A1008028D0 /* util.hpp */ = {isa = PBXFileReference; fileEncoding = 4; lastKnownFileType = sourcecode.cpp.h; path = util.hpp; sourceTree = "<group>"; };
		187472F314FEF8A1008028D0 /* ws_tools.hpp */ = {isa = PBXFileReference; fileEncoding = 4; lastKnownFileType = sourcecode.cpp.h; path = ws_tools.hpp; sourceTree = "<group>"; };
		187472FD14FEF8E7008028D0 /* Linear_Algebra.cpp */ = {isa = PBXFileReference; fileEncoding = 4; lastKnownFileType = sourcecode.cpp.cpp; path = Linear_Algebra.cpp; sourceTree = "<group>"; };
		187472FE14FEF8E7008028D0 /* Linear_Algebra.hpp */ = {isa = PBXFileReference; fileEncoding = 4; lastKnownFileType = sourcecode.cpp.h; path = Linear_Algebra.hpp; sourceTree = "<group>"; };
		187472FF14FEF8E7008028D0 /* Matrix.cpp */ = {isa = PBXFileReference; fileEncoding = 4; lastKnownFileType = sourcecode.cpp.cpp; path = Matrix.cpp; sourceTree = "<group>"; };
		1874730014FEF8E7008028D0 /* Matrix.hpp */ = {isa = PBXFileReference; fileEncoding = 4; lastKnownFileType = sourcecode.cpp.h; path = Matrix.hpp; sourceTree = "<group>"; };
		1874730114FEF8E7008028D0 /* Matrix_Iterator.hpp */ = {isa = PBXFileReference; fileEncoding = 4; lastKnownFileType = sourcecode.cpp.h; path = Matrix_Iterator.hpp; sourceTree = "<group>"; };
		1874730214FEF8E7008028D0 /* Matrix_Region.cpp */ = {isa = PBXFileReference; fileEncoding = 4; lastKnownFileType = sourcecode.cpp.cpp; path = Matrix_Region.cpp; sourceTree = "<group>"; };
		1874730314FEF8E7008028D0 /* Matrix_Region.hpp */ = {isa = PBXFileReference; fileEncoding = 4; lastKnownFileType = sourcecode.cpp.h; path = Matrix_Region.hpp; sourceTree = "<group>"; };
		1874730C14FEF8E7008028D0 /* ws_img.hpp */ = {isa = PBXFileReference; fileEncoding = 4; lastKnownFileType = sourcecode.cpp.h; path = ws_img.hpp; sourceTree = "<group>"; };
		1874731114FEF920008028D0 /* MatrixWrap.h */ = {isa = PBXFileReference; fileEncoding = 4; lastKnownFileType = sourcecode.c.h; path = MatrixWrap.h; sourceTree = "<group>"; };
		1874731214FEF920008028D0 /* MatrixWrap.mm */ = {isa = PBXFileReference; fileEncoding = 4; lastKnownFileType = sourcecode.cpp.objcpp; path = MatrixWrap.mm; sourceTree = "<group>"; };
		18747314150450A9008028D0 /* MAMatrixView.h */ = {isa = PBXFileReference; fileEncoding = 4; lastKnownFileType = sourcecode.c.h; path = MAMatrixView.h; sourceTree = "<group>"; };
		18747315150450A9008028D0 /* MAMatrixView.m */ = {isa = PBXFileReference; fileEncoding = 4; lastKnownFileType = sourcecode.c.objc; path = MAMatrixView.m; sourceTree = "<group>"; };
		1885304415325C3C00C15C1B /* MASettings.h */ = {isa = PBXFileReference; fileEncoding = 4; lastKnownFileType = sourcecode.c.h; path = MASettings.h; sourceTree = "<group>"; };
		1885304515325C3C00C15C1B /* MASettings.m */ = {isa = PBXFileReference; fileEncoding = 4; lastKnownFileType = sourcecode.c.objc; path = MASettings.m; sourceTree = "<group>"; };
		189A9FE617E4C8760075DD22 /* Version.txt */ = {isa = PBXFileReference; fileEncoding = 4; lastKnownFileType = text; path = Version.txt; sourceTree = "<group>"; };
		189A9FEA17E4C9410075DD22 /* Default-568h@2x.png */ = {isa = PBXFileReference; lastKnownFileType = image.png; path = "Default-568h@2x.png"; sourceTree = "<group>"; };
		189A9FEB17E4C9410075DD22 /* Default-Landscape@2x~ipad.png */ = {isa = PBXFileReference; lastKnownFileType = image.png; path = "Default-Landscape@2x~ipad.png"; sourceTree = "<group>"; };
		189A9FEC17E4C9410075DD22 /* Default-Landscape~ipad.png */ = {isa = PBXFileReference; lastKnownFileType = image.png; path = "Default-Landscape~ipad.png"; sourceTree = "<group>"; };
		189A9FED17E4C9410075DD22 /* Default-Portrait@2x~ipad.png */ = {isa = PBXFileReference; lastKnownFileType = image.png; path = "Default-Portrait@2x~ipad.png"; sourceTree = "<group>"; };
		189A9FEE17E4C9410075DD22 /* Default-Portrait~ipad.png */ = {isa = PBXFileReference; lastKnownFileType = image.png; path = "Default-Portrait~ipad.png"; sourceTree = "<group>"; };
		189A9FEF17E4C9410075DD22 /* Default.png */ = {isa = PBXFileReference; lastKnownFileType = image.png; path = Default.png; sourceTree = "<group>"; };
		189A9FF017E4C9410075DD22 /* Default@2x.png */ = {isa = PBXFileReference; lastKnownFileType = image.png; path = "Default@2x.png"; sourceTree = "<group>"; };
		189A9FF217E4C9410075DD22 /* Default-Landscape_ios7@2x~ipad.png */ = {isa = PBXFileReference; lastKnownFileType = image.png; path = "Default-Landscape_ios7@2x~ipad.png"; sourceTree = "<group>"; };
		189A9FF317E4C9410075DD22 /* Default-Landscape_ios7~ipad.png */ = {isa = PBXFileReference; lastKnownFileType = image.png; path = "Default-Landscape_ios7~ipad.png"; sourceTree = "<group>"; };
		189A9FF417E4C9410075DD22 /* Default-Portrait_ios7@2x~ipad.png */ = {isa = PBXFileReference; lastKnownFileType = image.png; path = "Default-Portrait_ios7@2x~ipad.png"; sourceTree = "<group>"; };
		189A9FF517E4C9410075DD22 /* Default-Portrait_ios7~ipad.png */ = {isa = PBXFileReference; lastKnownFileType = image.png; path = "Default-Portrait_ios7~ipad.png"; sourceTree = "<group>"; };
		189A9FF617E4C9410075DD22 /* Default_ios7-568h@2x.png */ = {isa = PBXFileReference; lastKnownFileType = image.png; path = "Default_ios7-568h@2x.png"; sourceTree = "<group>"; };
		189A9FF717E4C9410075DD22 /* Default_ios7@2x.png */ = {isa = PBXFileReference; lastKnownFileType = image.png; path = "Default_ios7@2x.png"; sourceTree = "<group>"; };
		189A9FF917E4C9410075DD22 /* AppIcon_100x100.png */ = {isa = PBXFileReference; lastKnownFileType = image.png; path = AppIcon_100x100.png; sourceTree = "<group>"; };
		189A9FFA17E4C9410075DD22 /* AppIcon_114x114.png */ = {isa = PBXFileReference; lastKnownFileType = image.png; path = AppIcon_114x114.png; sourceTree = "<group>"; };
		189A9FFB17E4C9410075DD22 /* AppIcon_120x120.png */ = {isa = PBXFileReference; lastKnownFileType = image.png; path = AppIcon_120x120.png; sourceTree = "<group>"; };
		189A9FFC17E4C9410075DD22 /* AppIcon_144x144.png */ = {isa = PBXFileReference; lastKnownFileType = image.png; path = AppIcon_144x144.png; sourceTree = "<group>"; };
		189A9FFD17E4C9410075DD22 /* AppIcon_152x152.png */ = {isa = PBXFileReference; lastKnownFileType = image.png; path = AppIcon_152x152.png; sourceTree = "<group>"; };
		189A9FFE17E4C9410075DD22 /* AppIcon_29x29.png */ = {isa = PBXFileReference; lastKnownFileType = image.png; path = AppIcon_29x29.png; sourceTree = "<group>"; };
		189A9FFF17E4C9410075DD22 /* AppIcon_40x40.png */ = {isa = PBXFileReference; lastKnownFileType = image.png; path = AppIcon_40x40.png; sourceTree = "<group>"; };
		189AA00017E4C9410075DD22 /* AppIcon_50x50.png */ = {isa = PBXFileReference; lastKnownFileType = image.png; path = AppIcon_50x50.png; sourceTree = "<group>"; };
		189AA00117E4C9410075DD22 /* AppIcon_57x57.png */ = {isa = PBXFileReference; lastKnownFileType = image.png; path = AppIcon_57x57.png; sourceTree = "<group>"; };
		189AA00217E4C9410075DD22 /* AppIcon_58x58.png */ = {isa = PBXFileReference; lastKnownFileType = image.png; path = AppIcon_58x58.png; sourceTree = "<group>"; };
		189AA00317E4C9410075DD22 /* AppIcon_72x72.png */ = {isa = PBXFileReference; lastKnownFileType = image.png; path = AppIcon_72x72.png; sourceTree = "<group>"; };
		189AA00417E4C9410075DD22 /* AppIcon_76x76.png */ = {isa = PBXFileReference; lastKnownFileType = image.png; path = AppIcon_76x76.png; sourceTree = "<group>"; };
		189AA00517E4C9410075DD22 /* AppIcon_80x80.png */ = {isa = PBXFileReference; lastKnownFileType = image.png; path = AppIcon_80x80.png; sourceTree = "<group>"; };
		189AA00617E4C9410075DD22 /* make_app_icons.sh */ = {isa = PBXFileReference; fileEncoding = 4; lastKnownFileType = text.script.sh; path = make_app_icons.sh; sourceTree = "<group>"; };
		18B1701B1DD53DFD001FFF1F /* Images.xcassets */ = {isa = PBXFileReference; lastKnownFileType = folder.assetcatalog; name = Images.xcassets; path = "Mat Calc/Images.xcassets"; sourceTree = "<group>"; };
		18B1701D1DD6683E001FFF1F /* MAAlertWrapper.h */ = {isa = PBXFileReference; fileEncoding = 4; lastKnownFileType = sourcecode.c.h; path = MAAlertWrapper.h; sourceTree = "<group>"; };
		18B1701E1DD6683E001FFF1F /* MAAlertWrapper.m */ = {isa = PBXFileReference; fileEncoding = 4; lastKnownFileType = sourcecode.c.objc; path = MAAlertWrapper.m; sourceTree = "<group>"; };
		18B170201DD66877001FFF1F /* MADeviceUtil.h */ = {isa = PBXFileReference; fileEncoding = 4; lastKnownFileType = sourcecode.c.h; path = MADeviceUtil.h; sourceTree = "<group>"; };
		18B170211DD66877001FFF1F /* MADeviceUtil.m */ = {isa = PBXFileReference; fileEncoding = 4; lastKnownFileType = sourcecode.c.objc; path = MADeviceUtil.m; sourceTree = "<group>"; };
		18B170231DD6689B001FFF1F /* UIAlertController+Show.h */ = {isa = PBXFileReference; fileEncoding = 4; lastKnownFileType = sourcecode.c.h; path = "UIAlertController+Show.h"; sourceTree = "<group>"; };
		18B170241DD6689B001FFF1F /* UIAlertController+Show.m */ = {isa = PBXFileReference; fileEncoding = 4; lastKnownFileType = sourcecode.c.objc; path = "UIAlertController+Show.m"; sourceTree = "<group>"; };
		18C766411716606100B3181D /* Screenshot_1.png */ = {isa = PBXFileReference; lastKnownFileType = image.png; path = Screenshot_1.png; sourceTree = "<group>"; };
		18C766421716606100B3181D /* Screenshot_2.png */ = {isa = PBXFileReference; lastKnownFileType = image.png; path = Screenshot_2.png; sourceTree = "<group>"; };
		18C766431716606100B3181D /* Screenshot_3.png */ = {isa = PBXFileReference; lastKnownFileType = image.png; path = Screenshot_3.png; sourceTree = "<group>"; };
		18C766441716606100B3181D /* Screenshot_4.png */ = {isa = PBXFileReference; lastKnownFileType = image.png; path = Screenshot_4.png; sourceTree = "<group>"; };
		18C9A35F15255ABB0090E51C /* All_Functions.cpp */ = {isa = PBXFileReference; fileEncoding = 4; lastKnownFileType = sourcecode.cpp.cpp; path = All_Functions.cpp; sourceTree = "<group>"; };
		18C9A36015255ABB0090E51C /* All_Functions.hpp */ = {isa = PBXFileReference; fileEncoding = 4; lastKnownFileType = sourcecode.cpp.h; path = All_Functions.hpp; sourceTree = "<group>"; };
		18C9A36215255ABB0090E51C /* All_Operators.cpp */ = {isa = PBXFileReference; fileEncoding = 4; lastKnownFileType = sourcecode.cpp.cpp; path = All_Operators.cpp; sourceTree = "<group>"; };
		18C9A36315255ABB0090E51C /* All_Operators.hpp */ = {isa = PBXFileReference; fileEncoding = 4; lastKnownFileType = sourcecode.cpp.h; path = All_Operators.hpp; sourceTree = "<group>"; };
		18C9A36615255ABB0090E51C /* Expression_Evaluator.cpp */ = {isa = PBXFileReference; fileEncoding = 4; lastKnownFileType = sourcecode.cpp.cpp; path = Expression_Evaluator.cpp; sourceTree = "<group>"; };
		18C9A36715255ABB0090E51C /* Expression_Evaluator.hpp */ = {isa = PBXFileReference; fileEncoding = 4; lastKnownFileType = sourcecode.cpp.h; path = Expression_Evaluator.hpp; sourceTree = "<group>"; };
		18C9A36915255ABB0090E51C /* Function.hpp */ = {isa = PBXFileReference; fileEncoding = 4; lastKnownFileType = sourcecode.cpp.h; path = Function.hpp; sourceTree = "<group>"; };
		18C9A37015255ABB0090E51C /* Operator.hpp */ = {isa = PBXFileReference; fileEncoding = 4; lastKnownFileType = sourcecode.cpp.h; path = Operator.hpp; sourceTree = "<group>"; };
		18C9A38015255BC20090E51C /* ExpressionWrap.h */ = {isa = PBXFileReference; fileEncoding = 4; lastKnownFileType = sourcecode.c.h; path = ExpressionWrap.h; sourceTree = "<group>"; };
		18C9A38115255BC30090E51C /* ExpressionWrap.mm */ = {isa = PBXFileReference; fileEncoding = 4; lastKnownFileType = sourcecode.cpp.objcpp; path = ExpressionWrap.mm; sourceTree = "<group>"; };
		18CD0AEA14CBD44A007CD37F /* Mat Calc.app */ = {isa = PBXFileReference; explicitFileType = wrapper.application; includeInIndex = 0; path = "Mat Calc.app"; sourceTree = BUILT_PRODUCTS_DIR; };
		18CD0AEE14CBD44A007CD37F /* UIKit.framework */ = {isa = PBXFileReference; lastKnownFileType = wrapper.framework; name = UIKit.framework; path = System/Library/Frameworks/UIKit.framework; sourceTree = SDKROOT; };
		18CD0AF014CBD44A007CD37F /* Foundation.framework */ = {isa = PBXFileReference; lastKnownFileType = wrapper.framework; name = Foundation.framework; path = System/Library/Frameworks/Foundation.framework; sourceTree = SDKROOT; };
		18CD0AF214CBD44A007CD37F /* CoreGraphics.framework */ = {isa = PBXFileReference; lastKnownFileType = wrapper.framework; name = CoreGraphics.framework; path = System/Library/Frameworks/CoreGraphics.framework; sourceTree = SDKROOT; };
		18CD0AF614CBD44A007CD37F /* Lin Lab-Info.plist */ = {isa = PBXFileReference; lastKnownFileType = text.plist.xml; path = "Lin Lab-Info.plist"; sourceTree = "<group>"; };
		18CD0AF814CBD44A007CD37F /* en */ = {isa = PBXFileReference; lastKnownFileType = text.plist.strings; name = en; path = en.lproj/InfoPlist.strings; sourceTree = "<group>"; };
		18CD0AFA14CBD44A007CD37F /* main.m */ = {isa = PBXFileReference; lastKnownFileType = sourcecode.c.objc; path = main.m; sourceTree = "<group>"; };
		18CD0AFC14CBD44A007CD37F /* Lin Lab-Prefix.pch */ = {isa = PBXFileReference; lastKnownFileType = sourcecode.c.h; path = "Lin Lab-Prefix.pch"; sourceTree = "<group>"; };
		18CD0AFD14CBD44A007CD37F /* MAAppDelegate.h */ = {isa = PBXFileReference; lastKnownFileType = sourcecode.c.h; path = MAAppDelegate.h; sourceTree = "<group>"; };
		18CD0AFE14CBD44A007CD37F /* MAAppDelegate.m */ = {isa = PBXFileReference; lastKnownFileType = sourcecode.c.objc; path = MAAppDelegate.m; sourceTree = "<group>"; };
		18CD0B0A14CBD561007CD37F /* MAVariablesViewController.h */ = {isa = PBXFileReference; fileEncoding = 4; lastKnownFileType = sourcecode.c.h; path = MAVariablesViewController.h; sourceTree = "<group>"; };
		18CD0B0B14CBD561007CD37F /* MAVariablesViewController.m */ = {isa = PBXFileReference; fileEncoding = 4; lastKnownFileType = sourcecode.c.objc; path = MAVariablesViewController.m; sourceTree = "<group>"; };
		18CD0B0C14CBD561007CD37F /* MAVariablesViewController.xib */ = {isa = PBXFileReference; fileEncoding = 4; lastKnownFileType = file.xib; path = MAVariablesViewController.xib; sourceTree = "<group>"; };
		18CD0B0F14CBD58F007CD37F /* MAEditorViewController.h */ = {isa = PBXFileReference; fileEncoding = 4; lastKnownFileType = sourcecode.c.h; path = MAEditorViewController.h; sourceTree = "<group>"; };
		18CD0B1014CBD58F007CD37F /* MAEditorViewController.m */ = {isa = PBXFileReference; fileEncoding = 4; lastKnownFileType = sourcecode.c.objc; path = MAEditorViewController.m; sourceTree = "<group>"; };
		18CD0B1114CBD58F007CD37F /* MAEditorViewController.xib */ = {isa = PBXFileReference; fileEncoding = 4; lastKnownFileType = file.xib; path = MAEditorViewController.xib; sourceTree = "<group>"; };
		18CD0B1414CBD5BD007CD37F /* MAExpressionsViewController.h */ = {isa = PBXFileReference; fileEncoding = 4; lastKnownFileType = sourcecode.c.h; path = MAExpressionsViewController.h; sourceTree = "<group>"; };
		18CD0B1514CBD5BD007CD37F /* MAExpressionsViewController.m */ = {isa = PBXFileReference; fileEncoding = 4; lastKnownFileType = sourcecode.c.objc; path = MAExpressionsViewController.m; sourceTree = "<group>"; };
		18CD0B1614CBD5BD007CD37F /* MAExpressionsViewController.xib */ = {isa = PBXFileReference; fileEncoding = 4; lastKnownFileType = file.xib; path = MAExpressionsViewController.xib; sourceTree = "<group>"; };
		18CD0B1914CBD5F2007CD37F /* MASettingsViewController.h */ = {isa = PBXFileReference; fileEncoding = 4; lastKnownFileType = sourcecode.c.h; path = MASettingsViewController.h; sourceTree = "<group>"; };
		18CD0B1A14CBD5F2007CD37F /* MASettingsViewController.m */ = {isa = PBXFileReference; fileEncoding = 4; lastKnownFileType = sourcecode.c.objc; path = MASettingsViewController.m; sourceTree = "<group>"; };
		18CD0B1B14CBD5F2007CD37F /* MASettingsViewController.xib */ = {isa = PBXFileReference; fileEncoding = 4; lastKnownFileType = file.xib; path = MASettingsViewController.xib; sourceTree = "<group>"; };
		18CD0B1E14CBE017007CD37F /* TabBarController.xib */ = {isa = PBXFileReference; fileEncoding = 4; lastKnownFileType = file.xib; path = TabBarController.xib; sourceTree = "<group>"; };
		18DCFCE3155CB3A00023D9F7 /* 161-calculator.png */ = {isa = PBXFileReference; lastKnownFileType = image.png; path = "161-calculator.png"; sourceTree = "<group>"; };
		18DCFCE4155CB3A00023D9F7 /* 161-calculator@2x.png */ = {isa = PBXFileReference; lastKnownFileType = image.png; path = "161-calculator@2x.png"; sourceTree = "<group>"; };
		18DCFCF0155CB4C30023D9F7 /* 259-list.png */ = {isa = PBXFileReference; lastKnownFileType = image.png; path = "259-list.png"; sourceTree = "<group>"; };
		18DCFCF1155CB4C30023D9F7 /* 259-list@2x.png */ = {isa = PBXFileReference; lastKnownFileType = image.png; path = "259-list@2x.png"; sourceTree = "<group>"; };
		18DCFD04155CB9220023D9F7 /* 216-compose.png */ = {isa = PBXFileReference; lastKnownFileType = image.png; path = "216-compose.png"; sourceTree = "<group>"; };
		18DCFD05155CB9220023D9F7 /* 216-compose@2x.png */ = {isa = PBXFileReference; lastKnownFileType = image.png; path = "216-compose@2x.png"; sourceTree = "<group>"; };
/* End PBXFileReference section */

/* Begin PBXFrameworksBuildPhase section */
		18CD0AE714CBD44A007CD37F /* Frameworks */ = {
			isa = PBXFrameworksBuildPhase;
			buildActionMask = 2147483647;
			files = (
				1819535D1569B77F007789CC /* QuartzCore.framework in Frameworks */,
				18CD0AEF14CBD44A007CD37F /* UIKit.framework in Frameworks */,
				18CD0AF114CBD44A007CD37F /* Foundation.framework in Frameworks */,
				18CD0AF314CBD44A007CD37F /* CoreGraphics.framework in Frameworks */,
			);
			runOnlyForDeploymentPostprocessing = 0;
		};
/* End PBXFrameworksBuildPhase section */

/* Begin PBXGroup section */
		1855E5DD1713D51100C151CD /* Screenshots */ = {
			isa = PBXGroup;
			children = (
				1855E5E61713D51100C151CD /* 640x920 */,
				1855E5E11713D51100C151CD /* 640x1096 */,
				1855E5EB1713D51100C151CD /* 768x1004 */,
				1855E5DE1713D51100C151CD /* 1024x748 */,
				1855E5DF1713D51100C151CD /* 1536x2008 */,
				1855E5E01713D51100C151CD /* 2048x1496 */,
			);
			path = Screenshots;
			sourceTree = "<group>";
		};
		1855E5DE1713D51100C151CD /* 1024x748 */ = {
			isa = PBXGroup;
			children = (
			);
			path = 1024x748;
			sourceTree = "<group>";
		};
		1855E5DF1713D51100C151CD /* 1536x2008 */ = {
			isa = PBXGroup;
			children = (
			);
			path = 1536x2008;
			sourceTree = "<group>";
		};
		1855E5E01713D51100C151CD /* 2048x1496 */ = {
			isa = PBXGroup;
			children = (
				18C766411716606100B3181D /* Screenshot_1.png */,
				18C766421716606100B3181D /* Screenshot_2.png */,
				18C766431716606100B3181D /* Screenshot_3.png */,
				18C766441716606100B3181D /* Screenshot_4.png */,
			);
			path = 2048x1496;
			sourceTree = "<group>";
		};
		1855E5E11713D51100C151CD /* 640x1096 */ = {
			isa = PBXGroup;
			children = (
				1855E5E21713D51100C151CD /* Screenshot_1.png */,
				1855E5E31713D51100C151CD /* Screenshot_2.png */,
				1855E5E41713D51100C151CD /* Screenshot_3.png */,
				1855E5E51713D51100C151CD /* Screenshot_4.png */,
			);
			path = 640x1096;
			sourceTree = "<group>";
		};
		1855E5E61713D51100C151CD /* 640x920 */ = {
			isa = PBXGroup;
			children = (
				1855E5E71713D51100C151CD /* Screenshot_1.png */,
				1855E5E81713D51100C151CD /* Screenshot_2.png */,
				1855E5E91713D51100C151CD /* Screenshot_3.png */,
				1855E5EA1713D51100C151CD /* Screenshot_4.png */,
			);
			path = 640x920;
			sourceTree = "<group>";
		};
		1855E5EB1713D51100C151CD /* 768x1004 */ = {
			isa = PBXGroup;
			children = (
			);
			path = 768x1004;
			sourceTree = "<group>";
		};
		1855E5FA1713D76700C151CD /* App Store */ = {
			isa = PBXGroup;
			children = (
				1855E5D81713D29E00C151CD /* Description.txt */,
				189A9FE617E4C8760075DD22 /* Version.txt */,
				1855E5F41713D5BF00C151CD /* Large App Icon.png */,
				1855E5DA1713D34E00C151CD /* AppIcon - Radial Gradient.html */,
				189A9FF817E4C9410075DD22 /* App Icons */,
				189A9FE817E4C9410075DD22 /* Launch Images */,
				1855E5DD1713D51100C151CD /* Screenshots */,
			);
			name = "App Store";
			sourceTree = "<group>";
		};
		187472E214FEF8A1008028D0 /* ws_tools */ = {
			isa = PBXGroup;
			children = (
				187472E914FEF8A1008028D0 /* Random_Number.cpp */,
				187472EA14FEF8A1008028D0 /* Random_Number.hpp */,
				187472F114FEF8A1008028D0 /* util.cpp */,
				187472F214FEF8A1008028D0 /* util.hpp */,
				187472F314FEF8A1008028D0 /* ws_tools.hpp */,
			);
			path = ws_tools;
			sourceTree = "<group>";
		};
		187472FB14FEF8E7008028D0 /* ws_img */ = {
			isa = PBXGroup;
			children = (
				187472FE14FEF8E7008028D0 /* Linear_Algebra.hpp */,
				187472FD14FEF8E7008028D0 /* Linear_Algebra.cpp */,
				1874730014FEF8E7008028D0 /* Matrix.hpp */,
				187472FF14FEF8E7008028D0 /* Matrix.cpp */,
				1874730114FEF8E7008028D0 /* Matrix_Iterator.hpp */,
				1874730314FEF8E7008028D0 /* Matrix_Region.hpp */,
				1874730214FEF8E7008028D0 /* Matrix_Region.cpp */,
				1874730C14FEF8E7008028D0 /* ws_img.hpp */,
			);
			path = ws_img;
			sourceTree = "<group>";
		};
		189A9FE817E4C9410075DD22 /* Launch Images */ = {
			isa = PBXGroup;
			children = (
				189A9FE917E4C9410075DD22 /* ios6 */,
				189A9FF117E4C9410075DD22 /* ios7 */,
			);
			path = "Launch Images";
			sourceTree = "<group>";
		};
		189A9FE917E4C9410075DD22 /* ios6 */ = {
			isa = PBXGroup;
			children = (
				189A9FEA17E4C9410075DD22 /* Default-568h@2x.png */,
				189A9FEB17E4C9410075DD22 /* Default-Landscape@2x~ipad.png */,
				189A9FEC17E4C9410075DD22 /* Default-Landscape~ipad.png */,
				189A9FED17E4C9410075DD22 /* Default-Portrait@2x~ipad.png */,
				189A9FEE17E4C9410075DD22 /* Default-Portrait~ipad.png */,
				189A9FEF17E4C9410075DD22 /* Default.png */,
				189A9FF017E4C9410075DD22 /* Default@2x.png */,
			);
			path = ios6;
			sourceTree = "<group>";
		};
		189A9FF117E4C9410075DD22 /* ios7 */ = {
			isa = PBXGroup;
			children = (
				189A9FF217E4C9410075DD22 /* Default-Landscape_ios7@2x~ipad.png */,
				189A9FF317E4C9410075DD22 /* Default-Landscape_ios7~ipad.png */,
				189A9FF417E4C9410075DD22 /* Default-Portrait_ios7@2x~ipad.png */,
				189A9FF517E4C9410075DD22 /* Default-Portrait_ios7~ipad.png */,
				189A9FF617E4C9410075DD22 /* Default_ios7-568h@2x.png */,
				189A9FF717E4C9410075DD22 /* Default_ios7@2x.png */,
			);
			path = ios7;
			sourceTree = "<group>";
		};
		189A9FF817E4C9410075DD22 /* App Icons */ = {
			isa = PBXGroup;
			children = (
				189A9FF917E4C9410075DD22 /* AppIcon_100x100.png */,
				189A9FFA17E4C9410075DD22 /* AppIcon_114x114.png */,
				189A9FFB17E4C9410075DD22 /* AppIcon_120x120.png */,
				189A9FFC17E4C9410075DD22 /* AppIcon_144x144.png */,
				189A9FFD17E4C9410075DD22 /* AppIcon_152x152.png */,
				189A9FFE17E4C9410075DD22 /* AppIcon_29x29.png */,
				189A9FFF17E4C9410075DD22 /* AppIcon_40x40.png */,
				189AA00017E4C9410075DD22 /* AppIcon_50x50.png */,
				189AA00117E4C9410075DD22 /* AppIcon_57x57.png */,
				189AA00217E4C9410075DD22 /* AppIcon_58x58.png */,
				189AA00317E4C9410075DD22 /* AppIcon_72x72.png */,
				189AA00417E4C9410075DD22 /* AppIcon_76x76.png */,
				189AA00517E4C9410075DD22 /* AppIcon_80x80.png */,
				189AA00617E4C9410075DD22 /* make_app_icons.sh */,
			);
			path = "App Icons";
			sourceTree = "<group>";
		};
		18C9A35E15255ABA0090E51C /* exp_eval */ = {
			isa = PBXGroup;
			children = (
				18C9A36015255ABB0090E51C /* All_Functions.hpp */,
				18C9A35F15255ABB0090E51C /* All_Functions.cpp */,
				18C9A36315255ABB0090E51C /* All_Operators.hpp */,
				18C9A36215255ABB0090E51C /* All_Operators.cpp */,
				18C9A36715255ABB0090E51C /* Expression_Evaluator.hpp */,
				18C9A36615255ABB0090E51C /* Expression_Evaluator.cpp */,
				18C9A36915255ABB0090E51C /* Function.hpp */,
				18C9A37015255ABB0090E51C /* Operator.hpp */,
			);
			path = exp_eval;
			sourceTree = "<group>";
		};
		18CD0ADF14CBD449007CD37F = {
			isa = PBXGroup;
			children = (
				18B1701B1DD53DFD001FFF1F /* Images.xcassets */,
				1855E5FA1713D76700C151CD /* App Store */,
				18195345156898CB007789CC /* help.html */,
				18CD0AF414CBD44A007CD37F /* Lin Lab */,
				18CD0AED14CBD44A007CD37F /* Frameworks */,
				18CD0AEB14CBD44A007CD37F /* Products */,
			);
			sourceTree = "<group>";
		};
		18CD0AEB14CBD44A007CD37F /* Products */ = {
			isa = PBXGroup;
			children = (
				18CD0AEA14CBD44A007CD37F /* Mat Calc.app */,
			);
			name = Products;
			sourceTree = "<group>";
		};
		18CD0AED14CBD44A007CD37F /* Frameworks */ = {
			isa = PBXGroup;
			children = (
				1819535C1569B77E007789CC /* QuartzCore.framework */,
				18CD0AEE14CBD44A007CD37F /* UIKit.framework */,
				18CD0AF014CBD44A007CD37F /* Foundation.framework */,
				18CD0AF214CBD44A007CD37F /* CoreGraphics.framework */,
			);
			name = Frameworks;
			sourceTree = "<group>";
		};
		18CD0AF414CBD44A007CD37F /* Lin Lab */ = {
			isa = PBXGroup;
			children = (
				1874731114FEF920008028D0 /* MatrixWrap.h */,
				1874731214FEF920008028D0 /* MatrixWrap.mm */,
				18C9A38015255BC20090E51C /* ExpressionWrap.h */,
				18C9A38115255BC30090E51C /* ExpressionWrap.mm */,
				18C9A35E15255ABA0090E51C /* exp_eval */,
				187472FB14FEF8E7008028D0 /* ws_img */,
				187472E214FEF8A1008028D0 /* ws_tools */,
				18CD0B2014CBE38D007CD37F /* Tab Bar Icons */,
				18CD0AFD14CBD44A007CD37F /* MAAppDelegate.h */,
				18CD0AFE14CBD44A007CD37F /* MAAppDelegate.m */,
				18CD0AF514CBD44A007CD37F /* Supporting Files */,
				18747314150450A9008028D0 /* MAMatrixView.h */,
				18747315150450A9008028D0 /* MAMatrixView.m */,
				1831E9A214EDDF4000265800 /* MAMatrixRow.h */,
				1831E9A314EDDF4000265800 /* MAMatrixRow.m */,
				1873F7FF150D5D03005B2735 /* MAFilePaths.h */,
				1873F800150D5D03005B2735 /* MAFilePaths.m */,
				1855E5FB171525C900C151CD /* MAUtil.h */,
				1855E5FC171525CA00C151CD /* MAUtil.m */,
				1885304415325C3C00C15C1B /* MASettings.h */,
				1885304515325C3C00C15C1B /* MASettings.m */,
				18CD0B0F14CBD58F007CD37F /* MAEditorViewController.h */,
				18CD0B1014CBD58F007CD37F /* MAEditorViewController.m */,
				18CD0B1114CBD58F007CD37F /* MAEditorViewController.xib */,
				18CD0B0A14CBD561007CD37F /* MAVariablesViewController.h */,
				18CD0B0B14CBD561007CD37F /* MAVariablesViewController.m */,
				18CD0B0C14CBD561007CD37F /* MAVariablesViewController.xib */,
				184D9A0914E8B786008E0D11 /* MAVariableCell.h */,
				184D9A0A14E8B786008E0D11 /* MAVariableCell.m */,
				184D9A0D14E8B8F3008E0D11 /* MAVariableCell.xib */,
				18CD0B1414CBD5BD007CD37F /* MAExpressionsViewController.h */,
				18CD0B1514CBD5BD007CD37F /* MAExpressionsViewController.m */,
				18CD0B1614CBD5BD007CD37F /* MAExpressionsViewController.xib */,
				18CD0B1914CBD5F2007CD37F /* MASettingsViewController.h */,
				18CD0B1A14CBD5F2007CD37F /* MASettingsViewController.m */,
				18CD0B1B14CBD5F2007CD37F /* MASettingsViewController.xib */,
				18B1701D1DD6683E001FFF1F /* MAAlertWrapper.h */,
				18B1701E1DD6683E001FFF1F /* MAAlertWrapper.m */,
				18B170201DD66877001FFF1F /* MADeviceUtil.h */,
				18B170211DD66877001FFF1F /* MADeviceUtil.m */,
				18B170231DD6689B001FFF1F /* UIAlertController+Show.h */,
				18B170241DD6689B001FFF1F /* UIAlertController+Show.m */,
				18CD0B1E14CBE017007CD37F /* TabBarController.xib */,
			);
			path = "Lin Lab";
			sourceTree = "<group>";
		};
		18CD0AF514CBD44A007CD37F /* Supporting Files */ = {
			isa = PBXGroup;
			children = (
				18CD0AF614CBD44A007CD37F /* Lin Lab-Info.plist */,
				18CD0AF714CBD44A007CD37F /* InfoPlist.strings */,
				18CD0AFA14CBD44A007CD37F /* main.m */,
				18CD0AFC14CBD44A007CD37F /* Lin Lab-Prefix.pch */,
			);
			name = "Supporting Files";
			sourceTree = "<group>";
		};
		18CD0B2014CBE38D007CD37F /* Tab Bar Icons */ = {
			isa = PBXGroup;
			children = (
				18DCFD04155CB9220023D9F7 /* 216-compose.png */,
				18DCFD05155CB9220023D9F7 /* 216-compose@2x.png */,
				18DCFCF0155CB4C30023D9F7 /* 259-list.png */,
				18DCFCF1155CB4C30023D9F7 /* 259-list@2x.png */,
				18DCFCE3155CB3A00023D9F7 /* 161-calculator.png */,
				18DCFCE4155CB3A00023D9F7 /* 161-calculator@2x.png */,
				181953541569B2F1007789CC /* 179-notepad.png */,
				181953551569B2F2007789CC /* 179-notepad@2x.png */,
			);
			path = "Tab Bar Icons";
			sourceTree = "<group>";
		};
/* End PBXGroup section */

/* Begin PBXNativeTarget section */
		18CD0AE914CBD44A007CD37F /* Mat Calc */ = {
			isa = PBXNativeTarget;
			buildConfigurationList = 18CD0B0214CBD44A007CD37F /* Build configuration list for PBXNativeTarget "Mat Calc" */;
			buildPhases = (
				18CD0AE614CBD44A007CD37F /* Sources */,
				18CD0AE714CBD44A007CD37F /* Frameworks */,
				18CD0AE814CBD44A007CD37F /* Resources */,
			);
			buildRules = (
			);
			dependencies = (
			);
			name = "Mat Calc";
			productName = "Lin Lab";
			productReference = 18CD0AEA14CBD44A007CD37F /* Mat Calc.app */;
			productType = "com.apple.product-type.application";
		};
/* End PBXNativeTarget section */

/* Begin PBXProject section */
		18CD0AE114CBD449007CD37F /* Project object */ = {
			isa = PBXProject;
			attributes = {
				LastUpgradeCheck = 0810;
				TargetAttributes = {
					18CD0AE914CBD44A007CD37F = {
						DevelopmentTeam = 88U9Z8P8D5;
					};
				};
			};
			buildConfigurationList = 18CD0AE414CBD449007CD37F /* Build configuration list for PBXProject "Lin Lab" */;
			compatibilityVersion = "Xcode 3.2";
			developmentRegion = English;
			hasScannedForEncodings = 0;
			knownRegions = (
				en,
			);
			mainGroup = 18CD0ADF14CBD449007CD37F;
			productRefGroup = 18CD0AEB14CBD44A007CD37F /* Products */;
			projectDirPath = "";
			projectRoot = "";
			targets = (
				18CD0AE914CBD44A007CD37F /* Mat Calc */,
			);
		};
/* End PBXProject section */

/* Begin PBXResourcesBuildPhase section */
		18CD0AE814CBD44A007CD37F /* Resources */ = {
			isa = PBXResourcesBuildPhase;
			buildActionMask = 2147483647;
			files = (
				18CD0AF914CBD44A007CD37F /* InfoPlist.strings in Resources */,
				189AA00717E4C9410075DD22 /* Default-568h@2x.png in Resources */,
				18CD0B0E14CBD561007CD37F /* MAVariablesViewController.xib in Resources */,
				189AA02017E4C9410075DD22 /* AppIcon_80x80.png in Resources */,
				189AA01917E4C9410075DD22 /* AppIcon_29x29.png in Resources */,
				18CD0B1314CBD58F007CD37F /* MAEditorViewController.xib in Resources */,
				189AA00F17E4C9410075DD22 /* Default-Landscape_ios7~ipad.png in Resources */,
				189AA01417E4C9410075DD22 /* AppIcon_100x100.png in Resources */,
				18CD0B1814CBD5BD007CD37F /* MAExpressionsViewController.xib in Resources */,
				189AA01517E4C9410075DD22 /* AppIcon_114x114.png in Resources */,
				18CD0B1D14CBD5F2007CD37F /* MASettingsViewController.xib in Resources */,
				189AA01817E4C9410075DD22 /* AppIcon_152x152.png in Resources */,
				189AA01D17E4C9410075DD22 /* AppIcon_58x58.png in Resources */,
				189AA00A17E4C9410075DD22 /* Default-Portrait@2x~ipad.png in Resources */,
				189AA00917E4C9410075DD22 /* Default-Landscape~ipad.png in Resources */,
				18CD0B1F14CBE017007CD37F /* TabBarController.xib in Resources */,
				184D9A0E14E8B8F3008E0D11 /* MAVariableCell.xib in Resources */,
				189AA01B17E4C9410075DD22 /* AppIcon_50x50.png in Resources */,
				189AA00C17E4C9410075DD22 /* Default.png in Resources */,
				18DCFCE5155CB3A00023D9F7 /* 161-calculator.png in Resources */,
				189AA00D17E4C9410075DD22 /* Default@2x.png in Resources */,
				18DCFCE6155CB3A00023D9F7 /* 161-calculator@2x.png in Resources */,
				189AA01F17E4C9410075DD22 /* AppIcon_76x76.png in Resources */,
				18DCFCF2155CB4C30023D9F7 /* 259-list.png in Resources */,
				18B1701C1DD53DFD001FFF1F /* Images.xcassets in Resources */,
				18DCFCF3155CB4C30023D9F7 /* 259-list@2x.png in Resources */,
				18DCFD06155CB9220023D9F7 /* 216-compose.png in Resources */,
				18DCFD07155CB9220023D9F7 /* 216-compose@2x.png in Resources */,
				189AA01617E4C9410075DD22 /* AppIcon_120x120.png in Resources */,
				189AA01A17E4C9410075DD22 /* AppIcon_40x40.png in Resources */,
				189AA01017E4C9410075DD22 /* Default-Portrait_ios7@2x~ipad.png in Resources */,
				189AA01117E4C9410075DD22 /* Default-Portrait_ios7~ipad.png in Resources */,
				189AA01C17E4C9410075DD22 /* AppIcon_57x57.png in Resources */,
				189AA01717E4C9410075DD22 /* AppIcon_144x144.png in Resources */,
				189AA01E17E4C9410075DD22 /* AppIcon_72x72.png in Resources */,
				18195346156898CD007789CC /* help.html in Resources */,
				181953561569B2F2007789CC /* 179-notepad.png in Resources */,
				189AA00817E4C9410075DD22 /* Default-Landscape@2x~ipad.png in Resources */,
				189AA01317E4C9410075DD22 /* Default_ios7@2x.png in Resources */,
				181953571569B2F2007789CC /* 179-notepad@2x.png in Resources */,
				189AA00E17E4C9410075DD22 /* Default-Landscape_ios7@2x~ipad.png in Resources */,
				189AA01217E4C9410075DD22 /* Default_ios7-568h@2x.png in Resources */,
				189AA00B17E4C9410075DD22 /* Default-Portrait~ipad.png in Resources */,
			);
			runOnlyForDeploymentPostprocessing = 0;
		};
/* End PBXResourcesBuildPhase section */

/* Begin PBXSourcesBuildPhase section */
		18CD0AE614CBD44A007CD37F /* Sources */ = {
			isa = PBXSourcesBuildPhase;
			buildActionMask = 2147483647;
			files = (
				18CD0AFB14CBD44A007CD37F /* main.m in Sources */,
				18CD0AFF14CBD44A007CD37F /* MAAppDelegate.m in Sources */,
				18CD0B0D14CBD561007CD37F /* MAVariablesViewController.m in Sources */,
				18CD0B1214CBD58F007CD37F /* MAEditorViewController.m in Sources */,
				18CD0B1714CBD5BD007CD37F /* MAExpressionsViewController.m in Sources */,
				18CD0B1C14CBD5F2007CD37F /* MASettingsViewController.m in Sources */,
				184D9A0B14E8B787008E0D11 /* MAVariableCell.m in Sources */,
				18B1701F1DD6683E001FFF1F /* MAAlertWrapper.m in Sources */,
				1831E9A414EDDF4000265800 /* MAMatrixRow.m in Sources */,
				187472F714FEF8A1008028D0 /* Random_Number.cpp in Sources */,
				187472F914FEF8A1008028D0 /* util.cpp in Sources */,
				1874730D14FEF8E7008028D0 /* Linear_Algebra.cpp in Sources */,
				1874730E14FEF8E7008028D0 /* Matrix.cpp in Sources */,
				18B170221DD66877001FFF1F /* MADeviceUtil.m in Sources */,
				1874730F14FEF8E7008028D0 /* Matrix_Region.cpp in Sources */,
				18B170251DD6689B001FFF1F /* UIAlertController+Show.m in Sources */,
				1874731314FEF920008028D0 /* MatrixWrap.mm in Sources */,
				18747316150450AA008028D0 /* MAMatrixView.m in Sources */,
				1873F801150D5D03005B2735 /* MAFilePaths.m in Sources */,
				18C9A37215255ABB0090E51C /* All_Functions.cpp in Sources */,
				18C9A37415255ABB0090E51C /* All_Operators.cpp in Sources */,
				18C9A37715255ABB0090E51C /* Expression_Evaluator.cpp in Sources */,
				18C9A38215255BC30090E51C /* ExpressionWrap.mm in Sources */,
				1885304615325C3C00C15C1B /* MASettings.m in Sources */,
				1855E5FD171525CA00C151CD /* MAUtil.m in Sources */,
			);
			runOnlyForDeploymentPostprocessing = 0;
		};
/* End PBXSourcesBuildPhase section */

/* Begin PBXVariantGroup section */
		18CD0AF714CBD44A007CD37F /* InfoPlist.strings */ = {
			isa = PBXVariantGroup;
			children = (
				18CD0AF814CBD44A007CD37F /* en */,
			);
			name = InfoPlist.strings;
			sourceTree = "<group>";
		};
/* End PBXVariantGroup section */

/* Begin XCBuildConfiguration section */
		18CD0B0014CBD44A007CD37F /* Debug */ = {
			isa = XCBuildConfiguration;
			buildSettings = {
				ALWAYS_SEARCH_USER_PATHS = NO;
				CLANG_ENABLE_OBJC_ARC = YES;
				CLANG_WARN_BOOL_CONVERSION = YES;
				CLANG_WARN_CONSTANT_CONVERSION = YES;
				CLANG_WARN_EMPTY_BODY = YES;
				CLANG_WARN_ENUM_CONVERSION = YES;
				CLANG_WARN_INFINITE_RECURSION = YES;
				CLANG_WARN_INT_CONVERSION = YES;
				CLANG_WARN_SUSPICIOUS_MOVE = YES;
				CLANG_WARN_UNREACHABLE_CODE = YES;
				CLANG_WARN__DUPLICATE_METHOD_MATCH = YES;
				"CODE_SIGN_IDENTITY[sdk=iphoneos*]" = "iPhone Developer";
				COPY_PHASE_STRIP = NO;
				ENABLE_STRICT_OBJC_MSGSEND = YES;
				ENABLE_TESTABILITY = YES;
				GCC_C_LANGUAGE_STANDARD = gnu99;
				GCC_DYNAMIC_NO_PIC = NO;
				GCC_NO_COMMON_BLOCKS = YES;
				GCC_OPTIMIZATION_LEVEL = 0;
				GCC_PREPROCESSOR_DEFINITIONS = (
					"DEBUG=1",
					"$(inherited)",
				);
				GCC_SYMBOLS_PRIVATE_EXTERN = NO;
				GCC_VERSION = com.apple.compilers.llvm.clang.1_0;
				GCC_WARN_64_TO_32_BIT_CONVERSION = YES;
				GCC_WARN_ABOUT_MISSING_PROTOTYPES = YES;
				GCC_WARN_ABOUT_RETURN_TYPE = YES;
				GCC_WARN_UNDECLARED_SELECTOR = YES;
				GCC_WARN_UNINITIALIZED_AUTOS = YES;
				GCC_WARN_UNUSED_FUNCTION = YES;
				GCC_WARN_UNUSED_VARIABLE = YES;
				IPHONEOS_DEPLOYMENT_TARGET = 8.0;
				ONLY_ACTIVE_ARCH = YES;
				SDKROOT = iphoneos;
			};
			name = Debug;
		};
		18CD0B0114CBD44A007CD37F /* Release */ = {
			isa = XCBuildConfiguration;
			buildSettings = {
				ALWAYS_SEARCH_USER_PATHS = NO;
				CLANG_ENABLE_OBJC_ARC = YES;
				CLANG_WARN_BOOL_CONVERSION = YES;
				CLANG_WARN_CONSTANT_CONVERSION = YES;
				CLANG_WARN_EMPTY_BODY = YES;
				CLANG_WARN_ENUM_CONVERSION = YES;
				CLANG_WARN_INFINITE_RECURSION = YES;
				CLANG_WARN_INT_CONVERSION = YES;
				CLANG_WARN_SUSPICIOUS_MOVE = YES;
				CLANG_WARN_UNREACHABLE_CODE = YES;
				CLANG_WARN__DUPLICATE_METHOD_MATCH = YES;
				"CODE_SIGN_IDENTITY[sdk=iphoneos*]" = "iPhone Developer";
				COPY_PHASE_STRIP = YES;
				ENABLE_STRICT_OBJC_MSGSEND = YES;
				GCC_C_LANGUAGE_STANDARD = gnu99;
				GCC_NO_COMMON_BLOCKS = YES;
				GCC_VERSION = com.apple.compilers.llvm.clang.1_0;
				GCC_WARN_64_TO_32_BIT_CONVERSION = YES;
				GCC_WARN_ABOUT_MISSING_PROTOTYPES = YES;
				GCC_WARN_ABOUT_RETURN_TYPE = YES;
				GCC_WARN_UNDECLARED_SELECTOR = YES;
				GCC_WARN_UNINITIALIZED_AUTOS = YES;
				GCC_WARN_UNUSED_FUNCTION = YES;
				GCC_WARN_UNUSED_VARIABLE = YES;
				IPHONEOS_DEPLOYMENT_TARGET = 8.0;
				OTHER_CFLAGS = "-DNS_BLOCK_ASSERTIONS=1";
				SDKROOT = iphoneos;
				VALIDATE_PRODUCT = YES;
			};
			name = Release;
		};
		18CD0B0314CBD44A007CD37F /* Debug */ = {
			isa = XCBuildConfiguration;
			buildSettings = {
				ASSETCATALOG_COMPILER_APPICON_NAME = AppIcon;
				ASSETCATALOG_COMPILER_LAUNCHIMAGE_NAME = LaunchImage;
				DEVELOPMENT_TEAM = 88U9Z8P8D5;
				GCC_PRECOMPILE_PREFIX_HEADER = YES;
				GCC_PREFIX_HEADER = "Lin Lab/Lin Lab-Prefix.pch";
				INFOPLIST_FILE = "Lin Lab/Lin Lab-Info.plist";
				IPHONEOS_DEPLOYMENT_TARGET = 9.1;
				LIBRARY_SEARCH_PATHS = (
					"$(inherited)",
					"\"$(SRCROOT)/Lin Lab/exp_eval\"",
				);
				PRODUCT_BUNDLE_IDENTIFIER = "com.mindsaspire.${PRODUCT_NAME:rfc1034identifier}";
				PRODUCT_NAME = "$(TARGET_NAME)";
				TARGETED_DEVICE_FAMILY = "1,2";
				WRAPPER_EXTENSION = app;
			};
			name = Debug;
		};
		18CD0B0414CBD44A007CD37F /* Release */ = {
			isa = XCBuildConfiguration;
			buildSettings = {
				ASSETCATALOG_COMPILER_APPICON_NAME = AppIcon;
				ASSETCATALOG_COMPILER_LAUNCHIMAGE_NAME = LaunchImage;
				DEVELOPMENT_TEAM = 88U9Z8P8D5;
				GCC_PRECOMPILE_PREFIX_HEADER = YES;
				GCC_PREFIX_HEADER = "Lin Lab/Lin Lab-Prefix.pch";
				INFOPLIST_FILE = "Lin Lab/Lin Lab-Info.plist";
				IPHONEOS_DEPLOYMENT_TARGET = 9.1;
				LIBRARY_SEARCH_PATHS = (
					"$(inherited)",
					"\"$(SRCROOT)/Lin Lab/exp_eval\"",
				);
				PRODUCT_BUNDLE_IDENTIFIER = "com.mindsaspire.${PRODUCT_NAME:rfc1034identifier}";
				PRODUCT_NAME = "$(TARGET_NAME)";
				TARGETED_DEVICE_FAMILY = "1,2";
				WRAPPER_EXTENSION = app;
			};
			name = Release;
		};
/* End XCBuildConfiguration section */

/* Begin XCConfigurationList section */
		18CD0AE414CBD449007CD37F /* Build configuration list for PBXProject "Lin Lab" */ = {
			isa = XCConfigurationList;
			buildConfigurations = (
				18CD0B0014CBD44A007CD37F /* Debug */,
				18CD0B0114CBD44A007CD37F /* Release */,
			);
			defaultConfigurationIsVisible = 0;
			defaultConfigurationName = Release;
		};
		18CD0B0214CBD44A007CD37F /* Build configuration list for PBXNativeTarget "Mat Calc" */ = {
			isa = XCConfigurationList;
			buildConfigurations = (
				18CD0B0314CBD44A007CD37F /* Debug */,
				18CD0B0414CBD44A007CD37F /* Release */,
			);
			defaultConfigurationIsVisible = 0;
			defaultConfigurationName = Release;
		};
/* End XCConfigurationList section */
	};
	rootObject = 18CD0AE114CBD449007CD37F /* Project object */;
}
